// !$*UTF8*$!
{
	archiveVersion = 1;
	classes = {
	};
	objectVersion = 46;
	objects = {

/* Begin PBXBuildFile section */
		63885A901E8C979500245DAF /* AppDelegate.swift in Sources */ = {isa = PBXBuildFile; fileRef = 63885A8F1E8C979500245DAF /* AppDelegate.swift */; };
		63885A921E8C979500245DAF /* ViewController.swift in Sources */ = {isa = PBXBuildFile; fileRef = 63885A911E8C979500245DAF /* ViewController.swift */; };
		63885A951E8C979500245DAF /* Main.storyboard in Resources */ = {isa = PBXBuildFile; fileRef = 63885A931E8C979500245DAF /* Main.storyboard */; };
		63885A971E8C979500245DAF /* Assets.xcassets in Resources */ = {isa = PBXBuildFile; fileRef = 63885A961E8C979500245DAF /* Assets.xcassets */; };
		63885A9A1E8C979500245DAF /* LaunchScreen.storyboard in Resources */ = {isa = PBXBuildFile; fileRef = 63885A981E8C979500245DAF /* LaunchScreen.storyboard */; };
/* End PBXBuildFile section */

/* Begin PBXFileReference section */
		63885A8C1E8C979500245DAF /* 新海誠作品集.app */ = {isa = PBXFileReference; explicitFileType = wrapper.application; includeInIndex = 0; path = "新海誠作品集.app"; sourceTree = BUILT_PRODUCTS_DIR; };
		63885A8F1E8C979500245DAF /* AppDelegate.swift */ = {isa = PBXFileReference; lastKnownFileType = sourcecode.swift; path = AppDelegate.swift; sourceTree = "<group>"; };
		63885A911E8C979500245DAF /* ViewController.swift */ = {isa = PBXFileReference; lastKnownFileType = sourcecode.swift; path = ViewController.swift; sourceTree = "<group>"; };
		63885A941E8C979500245DAF /* Base */ = {isa = PBXFileReference; lastKnownFileType = file.storyboard; name = Base; path = Base.lproj/Main.storyboard; sourceTree = "<group>"; };
		63885A961E8C979500245DAF /* Assets.xcassets */ = {isa = PBXFileReference; lastKnownFileType = folder.assetcatalog; path = Assets.xcassets; sourceTree = "<group>"; };
		63885A991E8C979500245DAF /* Base */ = {isa = PBXFileReference; lastKnownFileType = file.storyboard; name = Base; path = Base.lproj/LaunchScreen.storyboard; sourceTree = "<group>"; };
		63885A9B1E8C979500245DAF /* Info.plist */ = {isa = PBXFileReference; lastKnownFileType = text.plist.xml; path = Info.plist; sourceTree = "<group>"; };
/* End PBXFileReference section */

/* Begin PBXFrameworksBuildPhase section */
		63885A891E8C979500245DAF /* Frameworks */ = {
			isa = PBXFrameworksBuildPhase;
			buildActionMask = 2147483647;
			files = (
			);
			runOnlyForDeploymentPostprocessing = 0;
		};
/* End PBXFrameworksBuildPhase section */

/* Begin PBXGroup section */
		63885A831E8C979500245DAF = {
			isa = PBXGroup;
			children = (
				63885A8E1E8C979500245DAF /* 新海誠作品集 */,
				63885A8D1E8C979500245DAF /* Products */,
			);
			sourceTree = "<group>";
		};
		63885A8D1E8C979500245DAF /* Products */ = {
			isa = PBXGroup;
			children = (
				63885A8C1E8C979500245DAF /* 新海誠作品集.app */,
			);
			name = Products;
			sourceTree = "<group>";
		};
		63885A8E1E8C979500245DAF /* 新海誠作品集 */ = {
			isa = PBXGroup;
			children = (
				63885A8F1E8C979500245DAF /* AppDelegate.swift */,
				63885A911E8C979500245DAF /* ViewController.swift */,
				63885A931E8C979500245DAF /* Main.storyboard */,
				63885A961E8C979500245DAF /* Assets.xcassets */,
				63885A981E8C979500245DAF /* LaunchScreen.storyboard */,
				63885A9B1E8C979500245DAF /* Info.plist */,
			);
			path = "新海誠作品集";
			sourceTree = "<group>";
		};
/* End PBXGroup section */

/* Begin PBXNativeTarget section */
		63885A8B1E8C979500245DAF /* 新海誠作品集 */ = {
			isa = PBXNativeTarget;
			buildConfigurationList = 63885A9E1E8C979500245DAF /* Build configuration list for PBXNativeTarget "新海誠作品集" */;
			buildPhases = (
				63885A881E8C979500245DAF /* Sources */,
				63885A891E8C979500245DAF /* Frameworks */,
				63885A8A1E8C979500245DAF /* Resources */,
			);
			buildRules = (
			);
			dependencies = (
			);
			name = "新海誠作品集";
			productName = "新海誠作品集";
			productReference = 63885A8C1E8C979500245DAF /* 新海誠作品集.app */;
			productType = "com.apple.product-type.application";
		};
/* End PBXNativeTarget section */

/* Begin PBXProject section */
		63885A841E8C979500245DAF /* Project object */ = {
			isa = PBXProject;
			attributes = {
				LastSwiftUpdateCheck = 0710;
				LastUpgradeCheck = 0710;
				ORGANIZATIONNAME = "haung-chen-yu";
				TargetAttributes = {
					63885A8B1E8C979500245DAF = {
						CreatedOnToolsVersion = 7.1.1;
						DevelopmentTeam = T7DR375YFT;
					};
				};
			};
			buildConfigurationList = 63885A871E8C979500245DAF /* Build configuration list for PBXProject "新海誠作品集" */;
			compatibilityVersion = "Xcode 3.2";
			developmentRegion = English;
			hasScannedForEncodings = 0;
			knownRegions = (
				en,
				Base,
			);
			mainGroup = 63885A831E8C979500245DAF;
			productRefGroup = 63885A8D1E8C979500245DAF /* Products */;
			projectDirPath = "";
			projectRoot = "";
			targets = (
				63885A8B1E8C979500245DAF /* 新海誠作品集 */,
			);
		};
/* End PBXProject section */

/* Begin PBXResourcesBuildPhase section */
		63885A8A1E8C979500245DAF /* Resources */ = {
			isa = PBXResourcesBuildPhase;
			buildActionMask = 2147483647;
			files = (
				63885A9A1E8C979500245DAF /* LaunchScreen.storyboard in Resources */,
				63885A971E8C979500245DAF /* Assets.xcassets in Resources */,
				63885A951E8C979500245DAF /* Main.storyboard in Resources */,
			);
			runOnlyForDeploymentPostprocessing = 0;
		};
/* End PBXResourcesBuildPhase section */

/* Begin PBXSourcesBuildPhase section */
		63885A881E8C979500245DAF /* Sources */ = {
			isa = PBXSourcesBuildPhase;
			buildActionMask = 2147483647;
			files = (
				63885A921E8C979500245DAF /* ViewController.swift in Sources */,
				63885A901E8C979500245DAF /* AppDelegate.swift in Sources */,
			);
			runOnlyForDeploymentPostprocessing = 0;
		};
/* End PBXSourcesBuildPhase section */

/* Begin PBXVariantGroup section */
		63885A931E8C979500245DAF /* Main.storyboard */ = {
			isa = PBXVariantGroup;
			children = (
				63885A941E8C979500245DAF /* Base */,
			);
			name = Main.storyboard;
			sourceTree = "<group>";
		};
		63885A981E8C979500245DAF /* LaunchScreen.storyboard */ = {
			isa = PBXVariantGroup;
			children = (
				63885A991E8C979500245DAF /* Base */,
			);
			name = LaunchScreen.storyboard;
			sourceTree = "<group>";
		};
/* End PBXVariantGroup section */

/* Begin XCBuildConfiguration section */
		63885A9C1E8C979500245DAF /* Debug */ = {
			isa = XCBuildConfiguration;
			buildSettings = {
				ALWAYS_SEARCH_USER_PATHS = NO;
				CLANG_CXX_LANGUAGE_STANDARD = "gnu++0x";
				CLANG_CXX_LIBRARY = "libc++";
				CLANG_ENABLE_MODULES = YES;
				CLANG_ENABLE_OBJC_ARC = YES;
				CLANG_WARN_BOOL_CONVERSION = YES;
				CLANG_WARN_CONSTANT_CONVERSION = YES;
				CLANG_WARN_DIRECT_OBJC_ISA_USAGE = YES_ERROR;
				CLANG_WARN_EMPTY_BODY = YES;
				CLANG_WARN_ENUM_CONVERSION = YES;
				CLANG_WARN_INT_CONVERSION = YES;
				CLANG_WARN_OBJC_ROOT_CLASS = YES_ERROR;
				CLANG_WARN_UNREACHABLE_CODE = YES;
				CLANG_WARN__DUPLICATE_METHOD_MATCH = YES;
				"CODE_SIGN_IDENTITY[sdk=iphoneos*]" = "iPhone Developer";
				COPY_PHASE_STRIP = NO;
				DEBUG_INFORMATION_FORMAT = dwarf;
				ENABLE_STRICT_OBJC_MSGSEND = YES;
				ENABLE_TESTABILITY = YES;
				GCC_C_LANGUAGE_STANDARD = gnu99;
				GCC_DYNAMIC_NO_PIC = NO;
				GCC_NO_COMMON_BLOCKS = YES;
				GCC_OPTIMIZATION_LEVEL = 0;
				GCC_PREPROCESSOR_DEFINITIONS = (
					"DEBUG=1",
					"$(inherited)",
				);
				GCC_WARN_64_TO_32_BIT_CONVERSION = YES;
				GCC_WARN_ABOUT_RETURN_TYPE = YES_ERROR;
				GCC_WARN_UNDECLARED_SELECTOR = YES;
				GCC_WARN_UNINITIALIZED_AUTOS = YES_AGGRESSIVE;
				GCC_WARN_UNUSED_FUNCTION = YES;
				GCC_WARN_UNUSED_VARIABLE = YES;
				IPHONEOS_DEPLOYMENT_TARGET = 9.1;
				MTL_ENABLE_DEBUG_INFO = YES;
				ONLY_ACTIVE_ARCH = YES;
				SDKROOT = iphoneos;
				SWIFT_OPTIMIZATION_LEVEL = "-Onone";
			};
			name = Debug;
		};
		63885A9D1E8C979500245DAF /* Release */ = {
			isa = XCBuildConfiguration;
			buildSettings = {
				ALWAYS_SEARCH_USER_PATHS = NO;
				CLANG_CXX_LANGUAGE_STANDARD = "gnu++0x";
				CLANG_CXX_LIBRARY = "libc++";
				CLANG_ENABLE_MODULES = YES;
				CLANG_ENABLE_OBJC_ARC = YES;
				CLANG_WARN_BOOL_CONVERSION = YES;
				CLANG_WARN_CONSTANT_CONVERSION = YES;
				CLANG_WARN_DIRECT_OBJC_ISA_USAGE = YES_ERROR;
				CLANG_WARN_EMPTY_BODY = YES;
				CLANG_WARN_ENUM_CONVERSION = YES;
				CLANG_WARN_INT_CONVERSION = YES;
				CLANG_WARN_OBJC_ROOT_CLASS = YES_ERROR;
				CLANG_WARN_UNREACHABLE_CODE = YES;
				CLANG_WARN__DUPLICATE_METHOD_MATCH = YES;
				"CODE_SIGN_IDENTITY[sdk=iphoneos*]" = "iPhone Developer";
				COPY_PHASE_STRIP = NO;
				DEBUG_INFORMATION_FORMAT = "dwarf-with-dsym";
				ENABLE_NS_ASSERTIONS = NO;
				ENABLE_STRICT_OBJC_MSGSEND = YES;
				GCC_C_LANGUAGE_STANDARD = gnu99;
				GCC_NO_COMMON_BLOCKS = YES;
				GCC_WARN_64_TO_32_BIT_CONVERSION = YES;
				GCC_WARN_ABOUT_RETURN_TYPE = YES_ERROR;
				GCC_WARN_UNDECLARED_SELECTOR = YES;
				GCC_WARN_UNINITIALIZED_AUTOS = YES_AGGRESSIVE;
				GCC_WARN_UNUSED_FUNCTION = YES;
				GCC_WARN_UNUSED_VARIABLE = YES;
				IPHONEOS_DEPLOYMENT_TARGET = 9.1;
				MTL_ENABLE_DEBUG_INFO = NO;
				SDKROOT = iphoneos;
				VALIDATE_PRODUCT = YES;
			};
			name = Release;
		};
		63885A9F1E8C979500245DAF /* Debug */ = {
			isa = XCBuildConfiguration;
			buildSettings = {
				ASSETCATALOG_COMPILER_APPICON_NAME = AppIcon;
				CODE_SIGN_IDENTITY = "iPhone Developer";
				"CODE_SIGN_IDENTITY[sdk=iphoneos*]" = "iPhone Developer";
				INFOPLIST_FILE = "新海誠作品集/Info.plist";
				IPHONEOS_DEPLOYMENT_TARGET = 9.0;
				LD_RUNPATH_SEARCH_PATHS = "$(inherited) @executable_path/Frameworks";
				PRODUCT_BUNDLE_IDENTIFIER = com.len.shinkai;
				PRODUCT_NAME = "$(TARGET_NAME)";
				PROVISIONING_PROFILE = "";
				TARGETED_DEVICE_FAMILY = 1;
			};
			name = Debug;
		};
		63885AA01E8C979500245DAF /* Release */ = {
			isa = XCBuildConfiguration;
			buildSettings = {
				ASSETCATALOG_COMPILER_APPICON_NAME = AppIcon;
				CODE_SIGN_IDENTITY = "iPhone Developer";
				"CODE_SIGN_IDENTITY[sdk=iphoneos*]" = "iPhone Developer";
				INFOPLIST_FILE = "新海誠作品集/Info.plist";
				IPHONEOS_DEPLOYMENT_TARGET = 9.0;
				LD_RUNPATH_SEARCH_PATHS = "$(inherited) @executable_path/Frameworks";
				PRODUCT_BUNDLE_IDENTIFIER = com.len.shinkai;
				PRODUCT_NAME = "$(TARGET_NAME)";
				PROVISIONING_PROFILE = "";
				TARGETED_DEVICE_FAMILY = 1;
			};
			name = Release;
		};
/* End XCBuildConfiguration section */

/* Begin XCConfigurationList section */
		63885A871E8C979500245DAF /* Build configuration list for PBXProject "新海誠作品集" */ = {
			isa = XCConfigurationList;
			buildConfigurations = (
				63885A9C1E8C979500245DAF /* Debug */,
				63885A9D1E8C979500245DAF /* Release */,
			);
			defaultConfigurationIsVisible = 0;
			defaultConfigurationName = Release;
		};
		63885A9E1E8C979500245DAF /* Build configuration list for PBXNativeTarget "新海誠作品集" */ = {
			isa = XCConfigurationList;
			buildConfigurations = (
				63885A9F1E8C979500245DAF /* Debug */,
				63885AA01E8C979500245DAF /* Release */,
			);
			defaultConfigurationIsVisible = 0;
			defaultConfigurationName = Release;
		};
/* End XCConfigurationList section */
	};
	rootObject = 63885A841E8C979500245DAF /* Project object */;
}
